{
  "originHash" : "0f95d1d6ca7aa27a90afc0aac50a0068fbabac451345542b9542e1940c3633b2",
  "pins" : [
    {
      "identity" : "horizoncalendar",
      "kind" : "remoteSourceControl",
      "location" : "https://github.com/airbnb/HorizonCalendar",
      "state" : {
        "branch" : "master",
        "revision" : "7ad26c07e995c185630954016055ab4453c3ea49"
      }
    }
  ],
  "version" : 3
}
