// !$*UTF8*$!
{
	archiveVersion = 1;
	classes = {
	};
	objectVersion = 56;
	objects = {

/* Begin PBXBuildFile section */
		0E0C9BF82CB5C682007F5F5A /* MyDogsView.swift in Sources */ = {isa = PBXBuildFile; fileRef = 0E0C9BF72CB5C682007F5F5A /* MyDogsView.swift */; };
		0E2B5F6D2CAF397800463845 /* AddDogView.swift in Sources */ = {isa = PBXBuildFile; fileRef = 0E2B5F6C2CAF397800463845 /* AddDogView.swift */; };
		0E6E986B2C91F1AF0041A1D8 /* DogPreview.swift in Sources */ = {isa = PBXBuildFile; fileRef = 0E6E986A2C91F1AF0041A1D8 /* DogPreview.swift */; };
		0E6E986F2C94E9190041A1D8 /* IMG_0063.jpeg in Resources */ = {isa = PBXBuildFile; fileRef = 0E6E986E2C94E9190041A1D8 /* IMG_0063.jpeg */; };
		0E9509662CA323BE0056577D /* EventDetailView.swift in Sources */ = {isa = PBXBuildFile; fileRef = 0E9509652CA323BE0056577D /* EventDetailView.swift */; };
		0E9509682CA46E4C0056577D /* EventPreview.swift in Sources */ = {isa = PBXBuildFile; fileRef = 0E9509672CA46E4C0056577D /* EventPreview.swift */; };
		0E9F74982C88C4C000B1BFAD /* AddAnEventButtonView.swift in Sources */ = {isa = PBXBuildFile; fileRef = 0E9F74972C88C4C000B1BFAD /* AddAnEventButtonView.swift */; };
		0EABD6A82C9E29CE00139FBB /* HorizonCalendar in Frameworks */ = {isa = PBXBuildFile; productRef = 0EABD6A72C9E29CE00139FBB /* HorizonCalendar */; };
		0ED7D46E2C865E09009F3D68 /* DogManagerApp.swift in Sources */ = {isa = PBXBuildFile; fileRef = 0ED7D46D2C865E09009F3D68 /* DogManagerApp.swift */; };
		0ED7D4702C865E09009F3D68 /* ContentView.swift in Sources */ = {isa = PBXBuildFile; fileRef = 0ED7D46F2C865E09009F3D68 /* ContentView.swift */; };
		0ED7D4722C865E09009F3D68 /* Assets.xcassets in Resources */ = {isa = PBXBuildFile; fileRef = 0ED7D4712C865E09009F3D68 /* Assets.xcassets */; };
		0ED7D4752C865E09009F3D68 /* Preview Assets.xcassets in Resources */ = {isa = PBXBuildFile; fileRef = 0ED7D4742C865E09009F3D68 /* Preview Assets.xcassets */; };
		0ED7D47F2C874961009F3D68 /* DayRangeIndicatorView.swift in Sources */ = {isa = PBXBuildFile; fileRef = 0ED7D47E2C874961009F3D68 /* DayRangeIndicatorView.swift */; };
		0ED7D4812C875594009F3D68 /* CalendarView.swift in Sources */ = {isa = PBXBuildFile; fileRef = 0ED7D4802C875594009F3D68 /* CalendarView.swift */; };
		0ED7D4832C875622009F3D68 /* SwiftUIDayRangeIndicatorViewRepresentableView.swift in Sources */ = {isa = PBXBuildFile; fileRef = 0ED7D4822C875622009F3D68 /* SwiftUIDayRangeIndicatorViewRepresentableView.swift */; };
		0ED7D4852C87606F009F3D68 /* dogDetailView.swift in Sources */ = {isa = PBXBuildFile; fileRef = 0ED7D4842C87606F009F3D68 /* dogDetailView.swift */; };
		0ED7D48C2C8760A7009F3D68 /* ViewModel.swift in Sources */ = {isa = PBXBuildFile; fileRef = 0ED7D48B2C8760A7009F3D68 /* ViewModel.swift */; };
		0ED7D4912C8799FF009F3D68 /* EventModel.swift in Sources */ = {isa = PBXBuildFile; fileRef = 0ED7D4902C8799FF009F3D68 /* EventModel.swift */; };
		0ED7D4932C879BC4009F3D68 /* EventListView.swift in Sources */ = {isa = PBXBuildFile; fileRef = 0ED7D4922C879BC4009F3D68 /* EventListView.swift */; };
		0ED7D4972C879CF0009F3D68 /* DogModel.swift in Sources */ = {isa = PBXBuildFile; fileRef = 0ED7D4962C879CF0009F3D68 /* DogModel.swift */; };
		0EE07F362C8A15EE001A7457 /* EventCardView.swift in Sources */ = {isa = PBXBuildFile; fileRef = 0EE07F352C8A15EE001A7457 /* EventCardView.swift */; };
/* End PBXBuildFile section */

/* Begin PBXFileReference section */
		0E0C9BF72CB5C682007F5F5A /* MyDogsView.swift */ = {isa = PBXFileReference; lastKnownFileType = sourcecode.swift; path = MyDogsView.swift; sourceTree = "<group>"; };
		0E2B5F6C2CAF397800463845 /* AddDogView.swift */ = {isa = PBXFileReference; lastKnownFileType = sourcecode.swift; path = AddDogView.swift; sourceTree = "<group>"; };
		0E6E986A2C91F1AF0041A1D8 /* DogPreview.swift */ = {isa = PBXFileReference; lastKnownFileType = sourcecode.swift; path = DogPreview.swift; sourceTree = "<group>"; };
		0E6E986E2C94E9190041A1D8 /* IMG_0063.jpeg */ = {isa = PBXFileReference; lastKnownFileType = image.jpeg; path = IMG_0063.jpeg; sourceTree = "<group>"; };
		0E9509652CA323BE0056577D /* EventDetailView.swift */ = {isa = PBXFileReference; lastKnownFileType = sourcecode.swift; path = EventDetailView.swift; sourceTree = "<group>"; };
		0E9509672CA46E4C0056577D /* EventPreview.swift */ = {isa = PBXFileReference; lastKnownFileType = sourcecode.swift; path = EventPreview.swift; sourceTree = "<group>"; };
		0E9F74972C88C4C000B1BFAD /* AddAnEventButtonView.swift */ = {isa = PBXFileReference; lastKnownFileType = sourcecode.swift; path = AddAnEventButtonView.swift; sourceTree = "<group>"; };
		0ED7D46A2C865E09009F3D68 /* DogManager.app */ = {isa = PBXFileReference; explicitFileType = wrapper.application; includeInIndex = 0; path = DogManager.app; sourceTree = BUILT_PRODUCTS_DIR; };
		0ED7D46D2C865E09009F3D68 /* DogManagerApp.swift */ = {isa = PBXFileReference; lastKnownFileType = sourcecode.swift; path = DogManagerApp.swift; sourceTree = "<group>"; };
		0ED7D46F2C865E09009F3D68 /* ContentView.swift */ = {isa = PBXFileReference; lastKnownFileType = sourcecode.swift; path = ContentView.swift; sourceTree = "<group>"; };
		0ED7D4712C865E09009F3D68 /* Assets.xcassets */ = {isa = PBXFileReference; lastKnownFileType = folder.assetcatalog; path = Assets.xcassets; sourceTree = "<group>"; };
		0ED7D4742C865E09009F3D68 /* Preview Assets.xcassets */ = {isa = PBXFileReference; lastKnownFileType = folder.assetcatalog; path = "Preview Assets.xcassets"; sourceTree = "<group>"; };
		0ED7D47E2C874961009F3D68 /* DayRangeIndicatorView.swift */ = {isa = PBXFileReference; lastKnownFileType = sourcecode.swift; path = DayRangeIndicatorView.swift; sourceTree = "<group>"; };
		0ED7D4802C875594009F3D68 /* CalendarView.swift */ = {isa = PBXFileReference; lastKnownFileType = sourcecode.swift; path = CalendarView.swift; sourceTree = "<group>"; };
		0ED7D4822C875622009F3D68 /* SwiftUIDayRangeIndicatorViewRepresentableView.swift */ = {isa = PBXFileReference; lastKnownFileType = sourcecode.swift; path = SwiftUIDayRangeIndicatorViewRepresentableView.swift; sourceTree = "<group>"; };
		0ED7D4842C87606F009F3D68 /* dogDetailView.swift */ = {isa = PBXFileReference; lastKnownFileType = sourcecode.swift; path = dogDetailView.swift; sourceTree = "<group>"; };
		0ED7D48B2C8760A7009F3D68 /* ViewModel.swift */ = {isa = PBXFileReference; lastKnownFileType = sourcecode.swift; path = ViewModel.swift; sourceTree = "<group>"; };
		0ED7D4902C8799FF009F3D68 /* EventModel.swift */ = {isa = PBXFileReference; lastKnownFileType = sourcecode.swift; path = EventModel.swift; sourceTree = "<group>"; };
		0ED7D4922C879BC4009F3D68 /* EventListView.swift */ = {isa = PBXFileReference; lastKnownFileType = sourcecode.swift; path = EventListView.swift; sourceTree = "<group>"; };
		0ED7D4962C879CF0009F3D68 /* DogModel.swift */ = {isa = PBXFileReference; lastKnownFileType = sourcecode.swift; path = DogModel.swift; sourceTree = "<group>"; };
		0EE07F352C8A15EE001A7457 /* EventCardView.swift */ = {isa = PBXFileReference; lastKnownFileType = sourcecode.swift; path = EventCardView.swift; sourceTree = "<group>"; };
/* End PBXFileReference section */

/* Begin PBXFrameworksBuildPhase section */
		0ED7D4672C865E09009F3D68 /* Frameworks */ = {
			isa = PBXFrameworksBuildPhase;
			buildActionMask = 2147483647;
			files = (
				0EABD6A82C9E29CE00139FBB /* HorizonCalendar in Frameworks */,
			);
			runOnlyForDeploymentPostprocessing = 0;
		};
/* End PBXFrameworksBuildPhase section */

/* Begin PBXGroup section */
		0EABD6A22C9E24EB00139FBB /* Frameworks */ = {
			isa = PBXGroup;
			children = (
			);
			name = Frameworks;
			sourceTree = "<group>";
		};
		0ED7D4612C865E09009F3D68 = {
			isa = PBXGroup;
			children = (
				0ED7D46C2C865E09009F3D68 /* DogManager */,
				0EABD6A22C9E24EB00139FBB /* Frameworks */,
				0ED7D46B2C865E09009F3D68 /* Products */,
			);
			sourceTree = "<group>";
		};
		0ED7D46B2C865E09009F3D68 /* Products */ = {
			isa = PBXGroup;
			children = (
				0ED7D46A2C865E09009F3D68 /* DogManager.app */,
			);
			name = Products;
			sourceTree = "<group>";
		};
		0ED7D46C2C865E09009F3D68 /* DogManager */ = {
			isa = PBXGroup;
			children = (
				0ED7D46D2C865E09009F3D68 /* DogManagerApp.swift */,
				0ED7D4952C879C9C009F3D68 /* Models */,
				0ED7D48D2C8760AE009F3D68 /* ViewModel */,
				0ED7D4712C865E09009F3D68 /* Assets.xcassets */,
				0E6E986E2C94E9190041A1D8 /* IMG_0063.jpeg */,
				0ED7D4732C865E09009F3D68 /* Preview Content */,
			);
			path = DogManager;
			sourceTree = "<group>";
		};
		0ED7D4732C865E09009F3D68 /* Preview Content */ = {
			isa = PBXGroup;
			children = (
				0E6E986A2C91F1AF0041A1D8 /* DogPreview.swift */,
				0E9509672CA46E4C0056577D /* EventPreview.swift */,
				0ED7D4742C865E09009F3D68 /* Preview Assets.xcassets */,
			);
			path = "Preview Content";
			sourceTree = "<group>";
		};
		0ED7D48A2C876087009F3D68 /* Views */ = {
			isa = PBXGroup;
			children = (
				0ED7D46F2C865E09009F3D68 /* ContentView.swift */,
				0E0C9BF72CB5C682007F5F5A /* MyDogsView.swift */,
				0E2B5F6C2CAF397800463845 /* AddDogView.swift */,
				0ED7D4802C875594009F3D68 /* CalendarView.swift */,
				0ED7D4922C879BC4009F3D68 /* EventListView.swift */,
				0E9F74972C88C4C000B1BFAD /* AddAnEventButtonView.swift */,
				0EE07F352C8A15EE001A7457 /* EventCardView.swift */,
				0E9509652CA323BE0056577D /* EventDetailView.swift */,
				0ED7D4842C87606F009F3D68 /* dogDetailView.swift */,
				0ED7D47E2C874961009F3D68 /* DayRangeIndicatorView.swift */,
				0ED7D4822C875622009F3D68 /* SwiftUIDayRangeIndicatorViewRepresentableView.swift */,
			);
			name = Views;
			sourceTree = "<group>";
		};
		0ED7D48D2C8760AE009F3D68 /* ViewModel */ = {
			isa = PBXGroup;
			children = (
				0ED7D48B2C8760A7009F3D68 /* ViewModel.swift */,
			);
			name = ViewModel;
			sourceTree = "<group>";
		};
		0ED7D4952C879C9C009F3D68 /* Models */ = {
			isa = PBXGroup;
			children = (
				0ED7D4902C8799FF009F3D68 /* EventModel.swift */,
				0ED7D4962C879CF0009F3D68 /* DogModel.swift */,
				0ED7D48A2C876087009F3D68 /* Views */,
			);
			name = Models;
			sourceTree = "<group>";
		};
/* End PBXGroup section */

/* Begin PBXNativeTarget section */
		0ED7D4692C865E09009F3D68 /* DogManager */ = {
			isa = PBXNativeTarget;
			buildConfigurationList = 0ED7D4782C865E09009F3D68 /* Build configuration list for PBXNativeTarget "DogManager" */;
			buildPhases = (
				0ED7D4662C865E09009F3D68 /* Sources */,
				0ED7D4672C865E09009F3D68 /* Frameworks */,
				0ED7D4682C865E09009F3D68 /* Resources */,
			);
			buildRules = (
			);
			dependencies = (
			);
			name = DogManager;
			packageProductDependencies = (
				0EABD6A72C9E29CE00139FBB /* HorizonCalendar */,
			);
			productName = DogManager;
			productReference = 0ED7D46A2C865E09009F3D68 /* DogManager.app */;
			productType = "com.apple.product-type.application";
		};
/* End PBXNativeTarget section */

/* Begin PBXProject section */
		0ED7D4622C865E09009F3D68 /* Project object */ = {
			isa = PBXProject;
			attributes = {
				BuildIndependentTargetsInParallel = 1;
				LastSwiftUpdateCheck = 1540;
				LastUpgradeCheck = 1540;
				TargetAttributes = {
					0ED7D4692C865E09009F3D68 = {
						CreatedOnToolsVersion = 15.4;
					};
				};
			};
			buildConfigurationList = 0ED7D4652C865E09009F3D68 /* Build configuration list for PBXProject "DogManager" */;
			compatibilityVersion = "Xcode 14.0";
			developmentRegion = en;
			hasScannedForEncodings = 0;
			knownRegions = (
				en,
				Base,
			);
			mainGroup = 0ED7D4612C865E09009F3D68;
			packageReferences = (
				0EABD6A62C9E29CE00139FBB /* XCRemoteSwiftPackageReference "HorizonCalendar" */,
			);
			productRefGroup = 0ED7D46B2C865E09009F3D68 /* Products */;
			projectDirPath = "";
			projectRoot = "";
			targets = (
				0ED7D4692C865E09009F3D68 /* DogManager */,
			);
		};
/* End PBXProject section */

/* Begin PBXResourcesBuildPhase section */
		0ED7D4682C865E09009F3D68 /* Resources */ = {
			isa = PBXResourcesBuildPhase;
			buildActionMask = 2147483647;
			files = (
				0E6E986F2C94E9190041A1D8 /* IMG_0063.jpeg in Resources */,
				0ED7D4752C865E09009F3D68 /* Preview Assets.xcassets in Resources */,
				0ED7D4722C865E09009F3D68 /* Assets.xcassets in Resources */,
			);
			runOnlyForDeploymentPostprocessing = 0;
		};
/* End PBXResourcesBuildPhase section */

/* Begin PBXSourcesBuildPhase section */
		0ED7D4662C865E09009F3D68 /* Sources */ = {
			isa = PBXSourcesBuildPhase;
			buildActionMask = 2147483647;
			files = (
				0ED7D4932C879BC4009F3D68 /* EventListView.swift in Sources */,
				0ED7D4702C865E09009F3D68 /* ContentView.swift in Sources */,
				0ED7D48C2C8760A7009F3D68 /* ViewModel.swift in Sources */,
				0ED7D4852C87606F009F3D68 /* dogDetailView.swift in Sources */,
				0ED7D4972C879CF0009F3D68 /* DogModel.swift in Sources */,
				0ED7D4832C875622009F3D68 /* SwiftUIDayRangeIndicatorViewRepresentableView.swift in Sources */,
				0E9509662CA323BE0056577D /* EventDetailView.swift in Sources */,
				0ED7D47F2C874961009F3D68 /* DayRangeIndicatorView.swift in Sources */,
				0EE07F362C8A15EE001A7457 /* EventCardView.swift in Sources */,
				0E2B5F6D2CAF397800463845 /* AddDogView.swift in Sources */,
				0ED7D4912C8799FF009F3D68 /* EventModel.swift in Sources */,
				0ED7D4812C875594009F3D68 /* CalendarView.swift in Sources */,
				0ED7D46E2C865E09009F3D68 /* DogManagerApp.swift in Sources */,
				0E6E986B2C91F1AF0041A1D8 /* DogPreview.swift in Sources */,
				0E9509682CA46E4C0056577D /* EventPreview.swift in Sources */,
				0E9F74982C88C4C000B1BFAD /* AddAnEventButtonView.swift in Sources */,
				0E0C9BF82CB5C682007F5F5A /* MyDogsView.swift in Sources */,
			);
			runOnlyForDeploymentPostprocessing = 0;
		};
/* End PBXSourcesBuildPhase section */

/* Begin XCBuildConfiguration section */
		0ED7D4762C865E09009F3D68 /* Debug */ = {
			isa = XCBuildConfiguration;
			buildSettings = {
				ALWAYS_SEARCH_USER_PATHS = NO;
				ASSETCATALOG_COMPILER_GENERATE_SWIFT_ASSET_SYMBOL_EXTENSIONS = YES;
				CLANG_ANALYZER_NONNULL = YES;
				CLANG_ANALYZER_NUMBER_OBJECT_CONVERSION = YES_AGGRESSIVE;
				CLANG_CXX_LANGUAGE_STANDARD = "gnu++20";
				CLANG_ENABLE_MODULES = YES;
				CLANG_ENABLE_OBJC_ARC = YES;
				CLANG_ENABLE_OBJC_WEAK = YES;
				CLANG_WARN_BLOCK_CAPTURE_AUTORELEASING = YES;
				CLANG_WARN_BOOL_CONVERSION = YES;
				CLANG_WARN_COMMA = YES;
				CLANG_WARN_CONSTANT_CONVERSION = YES;
				CLANG_WARN_DEPRECATED_OBJC_IMPLEMENTATIONS = YES;
				CLANG_WARN_DIRECT_OBJC_ISA_USAGE = YES_ERROR;
				CLANG_WARN_DOCUMENTATION_COMMENTS = YES;
				CLANG_WARN_EMPTY_BODY = YES;
				CLANG_WARN_ENUM_CONVERSION = YES;
				CLANG_WARN_INFINITE_RECURSION = YES;
				CLANG_WARN_INT_CONVERSION = YES;
				CLANG_WARN_NON_LITERAL_NULL_CONVERSION = YES;
				CLANG_WARN_OBJC_IMPLICIT_RETAIN_SELF = YES;
				CLANG_WARN_OBJC_LITERAL_CONVERSION = YES;
				CLANG_WARN_OBJC_ROOT_CLASS = YES_ERROR;
				CLANG_WARN_QUOTED_INCLUDE_IN_FRAMEWORK_HEADER = YES;
				CLANG_WARN_RANGE_LOOP_ANALYSIS = YES;
				CLANG_WARN_STRICT_PROTOTYPES = YES;
				CLANG_WARN_SUSPICIOUS_MOVE = YES;
				CLANG_WARN_UNGUARDED_AVAILABILITY = YES_AGGRESSIVE;
				CLANG_WARN_UNREACHABLE_CODE = YES;
				CLANG_WARN__DUPLICATE_METHOD_MATCH = YES;
				COPY_PHASE_STRIP = NO;
				DEBUG_INFORMATION_FORMAT = dwarf;
				ENABLE_STRICT_OBJC_MSGSEND = YES;
				ENABLE_TESTABILITY = YES;
				ENABLE_USER_SCRIPT_SANDBOXING = YES;
				GCC_C_LANGUAGE_STANDARD = gnu17;
				GCC_DYNAMIC_NO_PIC = NO;
				GCC_NO_COMMON_BLOCKS = YES;
				GCC_OPTIMIZATION_LEVEL = 0;
				GCC_PREPROCESSOR_DEFINITIONS = (
					"DEBUG=1",
					"$(inherited)",
				);
				GCC_WARN_64_TO_32_BIT_CONVERSION = YES;
				GCC_WARN_ABOUT_RETURN_TYPE = YES_ERROR;
				GCC_WARN_UNDECLARED_SELECTOR = YES;
				GCC_WARN_UNINITIALIZED_AUTOS = YES_AGGRESSIVE;
				GCC_WARN_UNUSED_FUNCTION = YES;
				GCC_WARN_UNUSED_VARIABLE = YES;
				IPHONEOS_DEPLOYMENT_TARGET = 17.5;
				LOCALIZATION_PREFERS_STRING_CATALOGS = YES;
				MTL_ENABLE_DEBUG_INFO = INCLUDE_SOURCE;
				MTL_FAST_MATH = YES;
				ONLY_ACTIVE_ARCH = YES;
				SDKROOT = iphoneos;
				SWIFT_ACTIVE_COMPILATION_CONDITIONS = "DEBUG $(inherited)";
				SWIFT_OPTIMIZATION_LEVEL = "-Onone";
			};
			name = Debug;
		};
		0ED7D4772C865E09009F3D68 /* Release */ = {
			isa = XCBuildConfiguration;
			buildSettings = {
				ALWAYS_SEARCH_USER_PATHS = NO;
				ASSETCATALOG_COMPILER_GENERATE_SWIFT_ASSET_SYMBOL_EXTENSIONS = YES;
				CLANG_ANALYZER_NONNULL = YES;
				CLANG_ANALYZER_NUMBER_OBJECT_CONVERSION = YES_AGGRESSIVE;
				CLANG_CXX_LANGUAGE_STANDARD = "gnu++20";
				CLANG_ENABLE_MODULES = YES;
				CLANG_ENABLE_OBJC_ARC = YES;
				CLANG_ENABLE_OBJC_WEAK = YES;
				CLANG_WARN_BLOCK_CAPTURE_AUTORELEASING = YES;
				CLANG_WARN_BOOL_CONVERSION = YES;
				CLANG_WARN_COMMA = YES;
				CLANG_WARN_CONSTANT_CONVERSION = YES;
				CLANG_WARN_DEPRECATED_OBJC_IMPLEMENTATIONS = YES;
				CLANG_WARN_DIRECT_OBJC_ISA_USAGE = YES_ERROR;
				CLANG_WARN_DOCUMENTATION_COMMENTS = YES;
				CLANG_WARN_EMPTY_BODY = YES;
				CLANG_WARN_ENUM_CONVERSION = YES;
				CLANG_WARN_INFINITE_RECURSION = YES;
				CLANG_WARN_INT_CONVERSION = YES;
				CLANG_WARN_NON_LITERAL_NULL_CONVERSION = YES;
				CLANG_WARN_OBJC_IMPLICIT_RETAIN_SELF = YES;
				CLANG_WARN_OBJC_LITERAL_CONVERSION = YES;
				CLANG_WARN_OBJC_ROOT_CLASS = YES_ERROR;
				CLANG_WARN_QUOTED_INCLUDE_IN_FRAMEWORK_HEADER = YES;
				CLANG_WARN_RANGE_LOOP_ANALYSIS = YES;
				CLANG_WARN_STRICT_PROTOTYPES = YES;
				CLANG_WARN_SUSPICIOUS_MOVE = YES;
				CLANG_WARN_UNGUARDED_AVAILABILITY = YES_AGGRESSIVE;
				CLANG_WARN_UNREACHABLE_CODE = YES;
				CLANG_WARN__DUPLICATE_METHOD_MATCH = YES;
				COPY_PHASE_STRIP = NO;
				DEBUG_INFORMATION_FORMAT = "dwarf-with-dsym";
				ENABLE_NS_ASSERTIONS = NO;
				ENABLE_STRICT_OBJC_MSGSEND = YES;
				ENABLE_USER_SCRIPT_SANDBOXING = YES;
				GCC_C_LANGUAGE_STANDARD = gnu17;
				GCC_NO_COMMON_BLOCKS = YES;
				GCC_WARN_64_TO_32_BIT_CONVERSION = YES;
				GCC_WARN_ABOUT_RETURN_TYPE = YES_ERROR;
				GCC_WARN_UNDECLARED_SELECTOR = YES;
				GCC_WARN_UNINITIALIZED_AUTOS = YES_AGGRESSIVE;
				GCC_WARN_UNUSED_FUNCTION = YES;
				GCC_WARN_UNUSED_VARIABLE = YES;
				IPHONEOS_DEPLOYMENT_TARGET = 17.5;
				LOCALIZATION_PREFERS_STRING_CATALOGS = YES;
				MTL_ENABLE_DEBUG_INFO = NO;
				MTL_FAST_MATH = YES;
				SDKROOT = iphoneos;
				SWIFT_COMPILATION_MODE = wholemodule;
				VALIDATE_PRODUCT = YES;
			};
			name = Release;
		};
		0ED7D4792C865E09009F3D68 /* Debug */ = {
			isa = XCBuildConfiguration;
			buildSettings = {
				ASSETCATALOG_COMPILER_APPICON_NAME = AppIcon;
				ASSETCATALOG_COMPILER_GLOBAL_ACCENT_COLOR_NAME = AccentColor;
				CODE_SIGN_STYLE = Automatic;
				CURRENT_PROJECT_VERSION = 1;
				DEVELOPMENT_ASSET_PATHS = "\"DogManager/Preview Content\"";
				DEVELOPMENT_TEAM = RS976WXGSN;
				ENABLE_PREVIEWS = YES;
				GENERATE_INFOPLIST_FILE = YES;
				INFOPLIST_KEY_UIApplicationSceneManifest_Generation = YES;
				INFOPLIST_KEY_UIApplicationSupportsIndirectInputEvents = YES;
				INFOPLIST_KEY_UILaunchScreen_Generation = YES;
				INFOPLIST_KEY_UISupportedInterfaceOrientations = UIInterfaceOrientationPortrait;
				INFOPLIST_KEY_UISupportedInterfaceOrientations_iPad = "UIInterfaceOrientationLandscapeLeft UIInterfaceOrientationLandscapeRight UIInterfaceOrientationPortrait";
				LD_RUNPATH_SEARCH_PATHS = (
					"$(inherited)",
					"@executable_path/Frameworks",
				);
				MARKETING_VERSION = 1.0;
				PRODUCT_BUNDLE_IDENTIFIER = Felipe.DogManager;
				PRODUCT_NAME = "$(TARGET_NAME)";
				SWIFT_EMIT_LOC_STRINGS = YES;
				SWIFT_VERSION = 5.0;
				TARGETED_DEVICE_FAMILY = "1,2";
			};
			name = Debug;
		};
		0ED7D47A2C865E09009F3D68 /* Release */ = {
			isa = XCBuildConfiguration;
			buildSettings = {
				ASSETCATALOG_COMPILER_APPICON_NAME = AppIcon;
				ASSETCATALOG_COMPILER_GLOBAL_ACCENT_COLOR_NAME = AccentColor;
				CODE_SIGN_STYLE = Automatic;
				CURRENT_PROJECT_VERSION = 1;
				DEVELOPMENT_ASSET_PATHS = "\"DogManager/Preview Content\"";
				DEVELOPMENT_TEAM = RS976WXGSN;
				ENABLE_PREVIEWS = YES;
				GENERATE_INFOPLIST_FILE = YES;
				INFOPLIST_KEY_UIApplicationSceneManifest_Generation = YES;
				INFOPLIST_KEY_UIApplicationSupportsIndirectInputEvents = YES;
				INFOPLIST_KEY_UILaunchScreen_Generation = YES;
				INFOPLIST_KEY_UISupportedInterfaceOrientations = UIInterfaceOrientationPortrait;
				INFOPLIST_KEY_UISupportedInterfaceOrientations_iPad = "UIInterfaceOrientationLandscapeLeft UIInterfaceOrientationLandscapeRight UIInterfaceOrientationPortrait";
				LD_RUNPATH_SEARCH_PATHS = (
					"$(inherited)",
					"@executable_path/Frameworks",
				);
				MARKETING_VERSION = 1.0;
				PRODUCT_BUNDLE_IDENTIFIER = Felipe.DogManager;
				PRODUCT_NAME = "$(TARGET_NAME)";
				SWIFT_EMIT_LOC_STRINGS = YES;
				SWIFT_VERSION = 5.0;
				TARGETED_DEVICE_FAMILY = "1,2";
			};
			name = Release;
		};
/* End XCBuildConfiguration section */

/* Begin XCConfigurationList section */
		0ED7D4652C865E09009F3D68 /* Build configuration list for PBXProject "DogManager" */ = {
			isa = XCConfigurationList;
			buildConfigurations = (
				0ED7D4762C865E09009F3D68 /* Debug */,
				0ED7D4772C865E09009F3D68 /* Release */,
			);
			defaultConfigurationIsVisible = 0;
			defaultConfigurationName = Release;
		};
		0ED7D4782C865E09009F3D68 /* Build configuration list for PBXNativeTarget "DogManager" */ = {
			isa = XCConfigurationList;
			buildConfigurations = (
				0ED7D4792C865E09009F3D68 /* Debug */,
				0ED7D47A2C865E09009F3D68 /* Release */,
			);
			defaultConfigurationIsVisible = 0;
			defaultConfigurationName = Release;
		};
/* End XCConfigurationList section */

/* Begin XCRemoteSwiftPackageReference section */
		0EABD6A62C9E29CE00139FBB /* XCRemoteSwiftPackageReference "HorizonCalendar" */ = {
			isa = XCRemoteSwiftPackageReference;
			repositoryURL = "https://github.com/airbnb/HorizonCalendar";
			requirement = {
				branch = master;
				kind = branch;
			};
		};
/* End XCRemoteSwiftPackageReference section */

/* Begin XCSwiftPackageProductDependency section */
		0EABD6A72C9E29CE00139FBB /* HorizonCalendar */ = {
			isa = XCSwiftPackageProductDependency;
			package = 0EABD6A62C9E29CE00139FBB /* XCRemoteSwiftPackageReference "HorizonCalendar" */;
			productName = HorizonCalendar;
		};
/* End XCSwiftPackageProductDependency section */
	};
	rootObject = 0ED7D4622C865E09009F3D68 /* Project object */;
}
